{
  "name": "restaurent_manger",
  "lockfileVersion": 3,
  "requires": true,
  "packages": {
    "": {
      "devDependencies": {
        "@commitlint/cli": "file:...",
        "@commitlint/config-conventional": "file:...",
        "husky": "file:...",
        "lint-staged": "file:..."
      }
    },
    "...": {
      "dev": true
    },
    "node_modules/@commitlint/cli": {
      "resolved": "...",
      "link": true
    },
    "node_modules/@commitlint/config-conventional": {
      "resolved": "...",
      "link": true
    },
    "node_modules/husky": {
      "resolved": "...",
      "link": true
    },
    "node_modules/lint-staged": {
      "resolved": "...",
      "link": true
    }
  }
}
